
Microsoft Visual Studio Solution File, Format Version 12.00
# Visual Studio Version 16
VisualStudioVersion = 16.0.29905.134
MinimumVisualStudioVersion = 10.0.40219.1
Project("{9A19103F-16F7-4668-BE54-9A1E7A4F7556}") = "Uptime", "NetworkUptimeMonitor/NetworkUptimeMonitor.csproj", "{8746C27C-FE70-4303-9045-6A29DBB6144A}"
EndProject
Global
	GlobalSection(SolutionConfigurationPlatforms) = preSolution
		Debug|Any CPU = Debug|Any CPU
		Release|Any CPU = Release|Any CPU
	EndGlobalSection
	GlobalSection(ProjectConfigurationPlatforms) = postSolution
		{8746C27C-FE70-4303-9045-6A29DBB6144A}.Debug|Any CPU.ActiveCfg = Debug|Any CPU
		{8746C27C-FE70-4303-9045-6A29DBB6144A}.Debug|Any CPU.Build.0 = Debug|Any CPU
		{8746C27C-FE70-4303-9045-6A29DBB6144A}.Release|Any CPU.ActiveCfg = Debug|Any CPU
		{8746C27C-FE70-4303-9045-6A29DBB6144A}.Release|Any CPU.Build.0 = Debug|Any CPU
	EndGlobalSection
	GlobalSection(SolutionProperties) = preSolution
		HideSolutionNode = FALSE
	EndGlobalSection
	GlobalSection(ExtensibilityGlobals) = postSolution
		SolutionGuid = {3BF9767D-F688-40BB-B9B7-062CC04CF7AF}
	EndGlobalSection
EndGlobal
